PODS:
  - CocoaLumberjack (3.7.0):
    - CocoaLumberjack/Core (= 3.7.0)
  - CocoaLumberjack/Core (3.7.0)
  - TPKeyboardAvoiding (1.3.5)

DEPENDENCIES:
  - CocoaLumberjack
  - TPKeyboardAvoiding

SPEC REPOS:
  trunk:
    - CocoaLumberjack
    - TPKeyboardAvoiding

SPEC CHECKSUMS:
  CocoaLumberjack: e8955b9d337ac307103b0a34fd141c32f27e53c5
  TPKeyboardAvoiding: d55b3ea7b362540af8fcf36aa3ed2e87bf210cc6

PODFILE CHECKSUM: 686a8b258d1ea3206196f29942393c687c1b6b7b

COCOAPODS: 1.10.0
